
Microsoft Visual Studio Solution File, Format Version 12.00
# Visual Studio Version 17
VisualStudioVersion = 17.9.34607.119
MinimumVisualStudioVersion = 10.0.40219.1
Project("{888888A0-9F3D-457C-B088-3A5042F75D52}") = "WorkPlaceToMangoApps", "WorkPlaceImportToMangoApps\WorkPlaceToMangoApps.pyproj", "{9BAD844D-325E-41D9-B335-7F4B0FC7A88B}"
EndProject
Global
	GlobalSection(SolutionConfigurationPlatforms) = preSolution
		Debug|Any CPU = Debug|Any CPU
		Release|Any CPU = Release|Any CPU
	EndGlobalSection
	GlobalSection(ProjectConfigurationPlatforms) = postSolution
		{9BAD844D-325E-41D9-B335-7F4B0FC7A88B}.Debug|Any CPU.ActiveCfg = Debug|Any CPU
		{9BAD844D-325E-41D9-B335-7F4B0FC7A88B}.Release|Any CPU.ActiveCfg = Release|Any CPU
	EndGlobalSection
	GlobalSection(SolutionProperties) = preSolution
		HideSolutionNode = FALSE
	EndGlobalSection
	GlobalSection(ExtensibilityGlobals) = postSolution
		SolutionGuid = {434DBFC0-3219-4BCE-B88E-2799F2E37C79}
	EndGlobalSection
EndGlobal
